// !$*UTF8*$!
{
	archiveVersion = 1;
	classes = {
	};
	objectVersion = 46;
	objects = {

/* Begin PBXBuildFile section */
		54DDB4AC54F23FC1E67B9BE0 /* Pods_MeterUITests.framework in Frameworks */ = {isa = PBXBuildFile; fileRef = 0B6F212543D75A4D588CBE08 /* Pods_MeterUITests.framework */; };
		833DF25B6F8476292621C743 /* Pods_Meter.framework in Frameworks */ = {isa = PBXBuildFile; fileRef = 75B6130149CC426A45315A3D /* Pods_Meter.framework */; };
		A3BDB869BA3F1DCFDD6CDBDB /* Pods_MeterTests.framework in Frameworks */ = {isa = PBXBuildFile; fileRef = 32087B325328DC44E45E0D17 /* Pods_MeterTests.framework */; };
		BB2BE2CF1F11AE4C006393B3 /* GeocodingHelper.swift in Sources */ = {isa = PBXBuildFile; fileRef = BB2BE2CE1F11AE4C006393B3 /* GeocodingHelper.swift */; };
		BB2BE2D31F11FE0F006393B3 /* SpotPreviewView.xib in Resources */ = {isa = PBXBuildFile; fileRef = BB2BE2D21F11FE0F006393B3 /* SpotPreviewView.xib */; };
		BB2BE2D61F11FF8C006393B3 /* SpotPreviewView.swift in Sources */ = {isa = PBXBuildFile; fileRef = BB2BE2D51F11FF8C006393B3 /* SpotPreviewView.swift */; };
		BB47DEF41EE273BB002368E4 /* Spot.swift in Sources */ = {isa = PBXBuildFile; fileRef = BB47DEF31EE273BB002368E4 /* Spot.swift */; };
		BB47DEF61EE277C4002368E4 /* SpotAnnotationView.swift in Sources */ = {isa = PBXBuildFile; fileRef = BB47DEF51EE277C4002368E4 /* SpotAnnotationView.swift */; };
		BB4BBAC11EA40D7C00EBD13D /* SplashViewController.swift in Sources */ = {isa = PBXBuildFile; fileRef = BB4BBAC01EA40D7C00EBD13D /* SplashViewController.swift */; };
		BB4BBAC31EA4159A00EBD13D /* Constants.swift in Sources */ = {isa = PBXBuildFile; fileRef = BB4BBAC21EA4159A00EBD13D /* Constants.swift */; };
		BB4BBADF1EA45E4600EBD13D /* GeoFire.m in Sources */ = {isa = PBXBuildFile; fileRef = BB4BBAD61EA45E4600EBD13D /* GeoFire.m */; };
		BB4BBAE01EA45E4600EBD13D /* GFBase32Utils.m in Sources */ = {isa = PBXBuildFile; fileRef = BB4BBAD81EA45E4600EBD13D /* GFBase32Utils.m */; };
		BB4BBAE11EA45E4600EBD13D /* GFGeoHash.m in Sources */ = {isa = PBXBuildFile; fileRef = BB4BBADA1EA45E4600EBD13D /* GFGeoHash.m */; };
		BB4BBAE21EA45E4600EBD13D /* GFGeoHashQuery.m in Sources */ = {isa = PBXBuildFile; fileRef = BB4BBADC1EA45E4600EBD13D /* GFGeoHashQuery.m */; };
		BB4BBAE31EA45E4600EBD13D /* GFQuery.m in Sources */ = {isa = PBXBuildFile; fileRef = BB4BBADE1EA45E4600EBD13D /* GFQuery.m */; };
		BB648E681F132FBD00D2C977 /* Lato-HairlineItalic.ttf in Resources */ = {isa = PBXBuildFile; fileRef = BB648E5E1F132FBA00D2C977 /* Lato-HairlineItalic.ttf */; };
		BB648E691F132FBD00D2C977 /* Lato-Hairline.ttf in Resources */ = {isa = PBXBuildFile; fileRef = BB648E5F1F132FBA00D2C977 /* Lato-Hairline.ttf */; };
		BB648E6A1F132FBD00D2C977 /* Lato-Italic.ttf in Resources */ = {isa = PBXBuildFile; fileRef = BB648E601F132FBA00D2C977 /* Lato-Italic.ttf */; };
		BB648E6B1F132FBD00D2C977 /* Lato-Light.ttf in Resources */ = {isa = PBXBuildFile; fileRef = BB648E611F132FBB00D2C977 /* Lato-Light.ttf */; };
		BB648E6C1F132FBD00D2C977 /* Lato-BoldItalic.ttf in Resources */ = {isa = PBXBuildFile; fileRef = BB648E621F132FBB00D2C977 /* Lato-BoldItalic.ttf */; };
		BB648E6D1F132FBD00D2C977 /* Lato-Black.ttf in Resources */ = {isa = PBXBuildFile; fileRef = BB648E631F132FBB00D2C977 /* Lato-Black.ttf */; };
		BB648E6E1F132FBD00D2C977 /* Lato-BlackItalic.ttf in Resources */ = {isa = PBXBuildFile; fileRef = BB648E641F132FBB00D2C977 /* Lato-BlackItalic.ttf */; };
		BB648E6F1F132FBD00D2C977 /* Lato-Bold.ttf in Resources */ = {isa = PBXBuildFile; fileRef = BB648E651F132FBB00D2C977 /* Lato-Bold.ttf */; };
		BB648E701F132FBD00D2C977 /* Lato-LightItalic.ttf in Resources */ = {isa = PBXBuildFile; fileRef = BB648E661F132FBC00D2C977 /* Lato-LightItalic.ttf */; };
		BB648E711F132FBD00D2C977 /* Lato-Regular.ttf in Resources */ = {isa = PBXBuildFile; fileRef = BB648E671F132FBC00D2C977 /* Lato-Regular.ttf */; };
		BB78A9831ED029BA004DFC4A /* ContainerViewController.swift in Sources */ = {isa = PBXBuildFile; fileRef = BB78A97E1ED029BA004DFC4A /* ContainerViewController.swift */; };
		BB78A9851ED029BA004DFC4A /* MainNavigationViewController.swift in Sources */ = {isa = PBXBuildFile; fileRef = BB78A9801ED029BA004DFC4A /* MainNavigationViewController.swift */; };
		BB78A9861ED029BA004DFC4A /* SidePanelViewController.swift in Sources */ = {isa = PBXBuildFile; fileRef = BB78A9811ED029BA004DFC4A /* SidePanelViewController.swift */; };
		BB78A9871ED029BA004DFC4A /* Navigation.storyboard in Resources */ = {isa = PBXBuildFile; fileRef = BB78A9821ED029BA004DFC4A /* Navigation.storyboard */; };
		BB8E62B91F1375420014DD62 /* HelperFunctions.swift in Sources */ = {isa = PBXBuildFile; fileRef = BB8E62B81F1375420014DD62 /* HelperFunctions.swift */; };
		BBB0DF061F15E67F002ECA73 /* SpotTypeTableViewCell.swift in Sources */ = {isa = PBXBuildFile; fileRef = BBB0DF051F15E67F002ECA73 /* SpotTypeTableViewCell.swift */; };
		BBC0F36B1F15DF86009C418C /* LenderSpotTypeViewController.swift in Sources */ = {isa = PBXBuildFile; fileRef = BBC0F36A1F15DF86009C418C /* LenderSpotTypeViewController.swift */; };
		BBC0F36D1F15DF96009C418C /* LenderSpotRestrictionsViewController.swift in Sources */ = {isa = PBXBuildFile; fileRef = BBC0F36C1F15DF96009C418C /* LenderSpotRestrictionsViewController.swift */; };
		BBC0F36F1F15DFAA009C418C /* LenderSpotAddressViewController.swift in Sources */ = {isa = PBXBuildFile; fileRef = BBC0F36E1F15DFAA009C418C /* LenderSpotAddressViewController.swift */; };
		BBC0F3711F15DFB5009C418C /* LenderSpotCoordinateViewController.swift in Sources */ = {isa = PBXBuildFile; fileRef = BBC0F3701F15DFB5009C418C /* LenderSpotCoordinateViewController.swift */; };
		BBC0F3731F15DFC2009C418C /* LenderSpotPhotosViewController.swift in Sources */ = {isa = PBXBuildFile; fileRef = BBC0F3721F15DFC1009C418C /* LenderSpotPhotosViewController.swift */; };
		BBC0F3751F15DFCB009C418C /* LenderSpotPricingViewController.swift in Sources */ = {isa = PBXBuildFile; fileRef = BBC0F3741F15DFCB009C418C /* LenderSpotPricingViewController.swift */; };
		BBC0F3771F15DFD7009C418C /* LenderSpotDetailsViewController.swift in Sources */ = {isa = PBXBuildFile; fileRef = BBC0F3761F15DFD7009C418C /* LenderSpotDetailsViewController.swift */; };
		BBC0F3791F15DFED009C418C /* LenderSpotCompletedViewController.swift in Sources */ = {isa = PBXBuildFile; fileRef = BBC0F3781F15DFED009C418C /* LenderSpotCompletedViewController.swift */; };
		BBC870EE1F1C91EE00D24019 /* Messages.storyboard in Resources */ = {isa = PBXBuildFile; fileRef = BBC870ED1F1C91ED00D24019 /* Messages.storyboard */; };
		BBC870F01F1C921000D24019 /* Settings.storyboard in Resources */ = {isa = PBXBuildFile; fileRef = BBC870EF1F1C921000D24019 /* Settings.storyboard */; };
		BBC870F61F1C927300D24019 /* LendSpot.storyboard in Resources */ = {isa = PBXBuildFile; fileRef = BBC870F51F1C927300D24019 /* LendSpot.storyboard */; };
		BBC9640B1E7DCF3300E99617 /* GoogleService-Info.plist in Resources */ = {isa = PBXBuildFile; fileRef = BBC9640A1E7DCF3300E99617 /* GoogleService-Info.plist */; };
		BBC9640D1E7DCFCE00E99617 /* LoginViewController.swift in Sources */ = {isa = PBXBuildFile; fileRef = BBC9640C1E7DCFCE00E99617 /* LoginViewController.swift */; };
		BBC9640F1E7DCFED00E99617 /* SignUpViewController.swift in Sources */ = {isa = PBXBuildFile; fileRef = BBC9640E1E7DCFED00E99617 /* SignUpViewController.swift */; };
		BBE2EDC91EE270F100038140 /* DetailViewController.swift in Sources */ = {isa = PBXBuildFile; fileRef = BBE2EDC81EE270F100038140 /* DetailViewController.swift */; };
		BBED51E01F12F86D00C761EB /* SpotDetailViewController.swift in Sources */ = {isa = PBXBuildFile; fileRef = BBED51DF1F12F86D00C761EB /* SpotDetailViewController.swift */; };
		BBFD9B721E713370009DDD20 /* AppDelegate.swift in Sources */ = {isa = PBXBuildFile; fileRef = BBFD9B711E713370009DDD20 /* AppDelegate.swift */; };
		BBFD9B771E713370009DDD20 /* Main.storyboard in Resources */ = {isa = PBXBuildFile; fileRef = BBFD9B751E713370009DDD20 /* Main.storyboard */; };
		BBFD9B791E713370009DDD20 /* Assets.xcassets in Resources */ = {isa = PBXBuildFile; fileRef = BBFD9B781E713370009DDD20 /* Assets.xcassets */; };
		BBFD9B7C1E713370009DDD20 /* LaunchScreen.storyboard in Resources */ = {isa = PBXBuildFile; fileRef = BBFD9B7A1E713370009DDD20 /* LaunchScreen.storyboard */; };
		BBFD9B871E713371009DDD20 /* MeterTests.swift in Sources */ = {isa = PBXBuildFile; fileRef = BBFD9B861E713371009DDD20 /* MeterTests.swift */; };
		BBFD9B921E713371009DDD20 /* MeterUITests.swift in Sources */ = {isa = PBXBuildFile; fileRef = BBFD9B911E713371009DDD20 /* MeterUITests.swift */; };
		BBFE91AD1ED24DD700F04F05 /* MapKit.framework in Frameworks */ = {isa = PBXBuildFile; fileRef = BBFE91AC1ED24DD700F04F05 /* MapKit.framework */; };
		BBFE91AF1ED24E4F00F04F05 /* MapViewController.swift in Sources */ = {isa = PBXBuildFile; fileRef = BBFE91AE1ED24E4F00F04F05 /* MapViewController.swift */; };
		BBFE91B11ED24FCB00F04F05 /* MainViewController.swift in Sources */ = {isa = PBXBuildFile; fileRef = BBFE91B01ED24FCB00F04F05 /* MainViewController.swift */; };
		BBFE91B31ED260DB00F04F05 /* SpotAnnotation.swift in Sources */ = {isa = PBXBuildFile; fileRef = BBFE91B21ED260DB00F04F05 /* SpotAnnotation.swift */; };
/* End PBXBuildFile section */

/* Begin PBXContainerItemProxy section */
		BBFD9B831E713371009DDD20 /* PBXContainerItemProxy */ = {
			isa = PBXContainerItemProxy;
			containerPortal = BBFD9B661E713370009DDD20 /* Project object */;
			proxyType = 1;
			remoteGlobalIDString = BBFD9B6D1E713370009DDD20;
			remoteInfo = Meter;
		};
		BBFD9B8E1E713371009DDD20 /* PBXContainerItemProxy */ = {
			isa = PBXContainerItemProxy;
			containerPortal = BBFD9B661E713370009DDD20 /* Project object */;
			proxyType = 1;
			remoteGlobalIDString = BBFD9B6D1E713370009DDD20;
			remoteInfo = Meter;
		};
/* End PBXContainerItemProxy section */

/* Begin PBXFileReference section */
		0B6F212543D75A4D588CBE08 /* Pods_MeterUITests.framework */ = {isa = PBXFileReference; explicitFileType = wrapper.framework; includeInIndex = 0; path = Pods_MeterUITests.framework; sourceTree = BUILT_PRODUCTS_DIR; };
		0CA0CC2F875E25850593C026 /* Pods-MeterUITests.release.xcconfig */ = {isa = PBXFileReference; includeInIndex = 1; lastKnownFileType = text.xcconfig; name = "Pods-MeterUITests.release.xcconfig"; path = "Pods/Target Support Files/Pods-MeterUITests/Pods-MeterUITests.release.xcconfig"; sourceTree = "<group>"; };
		32087B325328DC44E45E0D17 /* Pods_MeterTests.framework */ = {isa = PBXFileReference; explicitFileType = wrapper.framework; includeInIndex = 0; path = Pods_MeterTests.framework; sourceTree = BUILT_PRODUCTS_DIR; };
		3230D60F90063967FFD38B9F /* Pods-Meter.debug.xcconfig */ = {isa = PBXFileReference; includeInIndex = 1; lastKnownFileType = text.xcconfig; name = "Pods-Meter.debug.xcconfig"; path = "Pods/Target Support Files/Pods-Meter/Pods-Meter.debug.xcconfig"; sourceTree = "<group>"; };
		58E704C1885348BD8AAC8665 /* Pods-MeterTests.debug.xcconfig */ = {isa = PBXFileReference; includeInIndex = 1; lastKnownFileType = text.xcconfig; name = "Pods-MeterTests.debug.xcconfig"; path = "Pods/Target Support Files/Pods-MeterTests/Pods-MeterTests.debug.xcconfig"; sourceTree = "<group>"; };
		7095FFA58E850DE1BAB146E3 /* Pods-MeterTests.release.xcconfig */ = {isa = PBXFileReference; includeInIndex = 1; lastKnownFileType = text.xcconfig; name = "Pods-MeterTests.release.xcconfig"; path = "Pods/Target Support Files/Pods-MeterTests/Pods-MeterTests.release.xcconfig"; sourceTree = "<group>"; };
		75B6130149CC426A45315A3D /* Pods_Meter.framework */ = {isa = PBXFileReference; explicitFileType = wrapper.framework; includeInIndex = 0; path = Pods_Meter.framework; sourceTree = BUILT_PRODUCTS_DIR; };
		BB2BE2CE1F11AE4C006393B3 /* GeocodingHelper.swift */ = {isa = PBXFileReference; lastKnownFileType = sourcecode.swift; path = GeocodingHelper.swift; sourceTree = "<group>"; };
		BB2BE2D21F11FE0F006393B3 /* SpotPreviewView.xib */ = {isa = PBXFileReference; lastKnownFileType = file.xib; path = SpotPreviewView.xib; sourceTree = "<group>"; };
		BB2BE2D51F11FF8C006393B3 /* SpotPreviewView.swift */ = {isa = PBXFileReference; lastKnownFileType = sourcecode.swift; path = SpotPreviewView.swift; sourceTree = "<group>"; };
		BB47DEF31EE273BB002368E4 /* Spot.swift */ = {isa = PBXFileReference; fileEncoding = 4; lastKnownFileType = sourcecode.swift; path = Spot.swift; sourceTree = "<group>"; };
		BB47DEF51EE277C4002368E4 /* SpotAnnotationView.swift */ = {isa = PBXFileReference; fileEncoding = 4; lastKnownFileType = sourcecode.swift; path = SpotAnnotationView.swift; sourceTree = "<group>"; };
		BB4BBAC01EA40D7C00EBD13D /* SplashViewController.swift */ = {isa = PBXFileReference; fileEncoding = 4; lastKnownFileType = sourcecode.swift; path = SplashViewController.swift; sourceTree = "<group>"; };
		BB4BBAC21EA4159A00EBD13D /* Constants.swift */ = {isa = PBXFileReference; fileEncoding = 4; lastKnownFileType = sourcecode.swift; path = Constants.swift; sourceTree = "<group>"; };
		BB4BBAC91EA45D6300EBD13D /* Meter-Bridging-Header.h */ = {isa = PBXFileReference; lastKnownFileType = sourcecode.c.h; path = "Meter-Bridging-Header.h"; sourceTree = "<group>"; };
		BB4BBACF1EA45E4600EBD13D /* GeoFire.h */ = {isa = PBXFileReference; fileEncoding = 4; lastKnownFileType = sourcecode.c.h; path = GeoFire.h; sourceTree = "<group>"; };
		BB4BBAD01EA45E4600EBD13D /* GFCircleQuery.h */ = {isa = PBXFileReference; fileEncoding = 4; lastKnownFileType = sourcecode.c.h; path = GFCircleQuery.h; sourceTree = "<group>"; };
		BB4BBAD11EA45E4600EBD13D /* GFQuery.h */ = {isa = PBXFileReference; fileEncoding = 4; lastKnownFileType = sourcecode.c.h; path = GFQuery.h; sourceTree = "<group>"; };
		BB4BBAD21EA45E4600EBD13D /* GFRegionQuery.h */ = {isa = PBXFileReference; fileEncoding = 4; lastKnownFileType = sourcecode.c.h; path = GFRegionQuery.h; sourceTree = "<group>"; };
		BB4BBAD31EA45E4600EBD13D /* GeoFire-Prefix.pch */ = {isa = PBXFileReference; fileEncoding = 4; lastKnownFileType = sourcecode.c.h; path = "GeoFire-Prefix.pch"; sourceTree = "<group>"; };
		BB4BBAD51EA45E4600EBD13D /* GeoFire+Private.h */ = {isa = PBXFileReference; fileEncoding = 4; lastKnownFileType = sourcecode.c.h; path = "GeoFire+Private.h"; sourceTree = "<group>"; };
		BB4BBAD61EA45E4600EBD13D /* GeoFire.m */ = {isa = PBXFileReference; fileEncoding = 4; lastKnownFileType = sourcecode.c.objc; path = GeoFire.m; sourceTree = "<group>"; };
		BB4BBAD71EA45E4600EBD13D /* GFBase32Utils.h */ = {isa = PBXFileReference; fileEncoding = 4; lastKnownFileType = sourcecode.c.h; path = GFBase32Utils.h; sourceTree = "<group>"; };
		BB4BBAD81EA45E4600EBD13D /* GFBase32Utils.m */ = {isa = PBXFileReference; fileEncoding = 4; lastKnownFileType = sourcecode.c.objc; path = GFBase32Utils.m; sourceTree = "<group>"; };
		BB4BBAD91EA45E4600EBD13D /* GFGeoHash.h */ = {isa = PBXFileReference; fileEncoding = 4; lastKnownFileType = sourcecode.c.h; path = GFGeoHash.h; sourceTree = "<group>"; };
		BB4BBADA1EA45E4600EBD13D /* GFGeoHash.m */ = {isa = PBXFileReference; fileEncoding = 4; lastKnownFileType = sourcecode.c.objc; path = GFGeoHash.m; sourceTree = "<group>"; };
		BB4BBADB1EA45E4600EBD13D /* GFGeoHashQuery.h */ = {isa = PBXFileReference; fileEncoding = 4; lastKnownFileType = sourcecode.c.h; path = GFGeoHashQuery.h; sourceTree = "<group>"; };
		BB4BBADC1EA45E4600EBD13D /* GFGeoHashQuery.m */ = {isa = PBXFileReference; fileEncoding = 4; lastKnownFileType = sourcecode.c.objc; path = GFGeoHashQuery.m; sourceTree = "<group>"; };
		BB4BBADD1EA45E4600EBD13D /* GFQuery+Private.h */ = {isa = PBXFileReference; fileEncoding = 4; lastKnownFileType = sourcecode.c.h; path = "GFQuery+Private.h"; sourceTree = "<group>"; };
		BB4BBADE1EA45E4600EBD13D /* GFQuery.m */ = {isa = PBXFileReference; fileEncoding = 4; lastKnownFileType = sourcecode.c.objc; path = GFQuery.m; sourceTree = "<group>"; };
		BB648E5E1F132FBA00D2C977 /* Lato-HairlineItalic.ttf */ = {isa = PBXFileReference; lastKnownFileType = file; path = "Lato-HairlineItalic.ttf"; sourceTree = "<group>"; };
		BB648E5F1F132FBA00D2C977 /* Lato-Hairline.ttf */ = {isa = PBXFileReference; lastKnownFileType = file; path = "Lato-Hairline.ttf"; sourceTree = "<group>"; };
		BB648E601F132FBA00D2C977 /* Lato-Italic.ttf */ = {isa = PBXFileReference; lastKnownFileType = file; path = "Lato-Italic.ttf"; sourceTree = "<group>"; };
		BB648E611F132FBB00D2C977 /* Lato-Light.ttf */ = {isa = PBXFileReference; lastKnownFileType = file; path = "Lato-Light.ttf"; sourceTree = "<group>"; };
		BB648E621F132FBB00D2C977 /* Lato-BoldItalic.ttf */ = {isa = PBXFileReference; lastKnownFileType = file; path = "Lato-BoldItalic.ttf"; sourceTree = "<group>"; };
		BB648E631F132FBB00D2C977 /* Lato-Black.ttf */ = {isa = PBXFileReference; lastKnownFileType = file; path = "Lato-Black.ttf"; sourceTree = "<group>"; };
		BB648E641F132FBB00D2C977 /* Lato-BlackItalic.ttf */ = {isa = PBXFileReference; lastKnownFileType = file; path = "Lato-BlackItalic.ttf"; sourceTree = "<group>"; };
		BB648E651F132FBB00D2C977 /* Lato-Bold.ttf */ = {isa = PBXFileReference; lastKnownFileType = file; path = "Lato-Bold.ttf"; sourceTree = "<group>"; };
		BB648E661F132FBC00D2C977 /* Lato-LightItalic.ttf */ = {isa = PBXFileReference; lastKnownFileType = file; path = "Lato-LightItalic.ttf"; sourceTree = "<group>"; };
		BB648E671F132FBC00D2C977 /* Lato-Regular.ttf */ = {isa = PBXFileReference; lastKnownFileType = file; path = "Lato-Regular.ttf"; sourceTree = "<group>"; };
		BB78A97E1ED029BA004DFC4A /* ContainerViewController.swift */ = {isa = PBXFileReference; fileEncoding = 4; lastKnownFileType = sourcecode.swift; path = ContainerViewController.swift; sourceTree = "<group>"; };
		BB78A9801ED029BA004DFC4A /* MainNavigationViewController.swift */ = {isa = PBXFileReference; fileEncoding = 4; lastKnownFileType = sourcecode.swift; path = MainNavigationViewController.swift; sourceTree = "<group>"; };
		BB78A9811ED029BA004DFC4A /* SidePanelViewController.swift */ = {isa = PBXFileReference; fileEncoding = 4; lastKnownFileType = sourcecode.swift; path = SidePanelViewController.swift; sourceTree = "<group>"; };
		BB78A9821ED029BA004DFC4A /* Navigation.storyboard */ = {isa = PBXFileReference; fileEncoding = 4; lastKnownFileType = file.storyboard; path = Navigation.storyboard; sourceTree = "<group>"; };
		BB8E62B81F1375420014DD62 /* HelperFunctions.swift */ = {isa = PBXFileReference; lastKnownFileType = sourcecode.swift; path = HelperFunctions.swift; sourceTree = "<group>"; };
		BBB0DF051F15E67F002ECA73 /* SpotTypeTableViewCell.swift */ = {isa = PBXFileReference; lastKnownFileType = sourcecode.swift; path = SpotTypeTableViewCell.swift; sourceTree = "<group>"; };
		BBC0F36A1F15DF86009C418C /* LenderSpotTypeViewController.swift */ = {isa = PBXFileReference; lastKnownFileType = sourcecode.swift; path = LenderSpotTypeViewController.swift; sourceTree = "<group>"; };
		BBC0F36C1F15DF96009C418C /* LenderSpotRestrictionsViewController.swift */ = {isa = PBXFileReference; lastKnownFileType = sourcecode.swift; path = LenderSpotRestrictionsViewController.swift; sourceTree = "<group>"; };
		BBC0F36E1F15DFAA009C418C /* LenderSpotAddressViewController.swift */ = {isa = PBXFileReference; lastKnownFileType = sourcecode.swift; path = LenderSpotAddressViewController.swift; sourceTree = "<group>"; };
		BBC0F3701F15DFB5009C418C /* LenderSpotCoordinateViewController.swift */ = {isa = PBXFileReference; lastKnownFileType = sourcecode.swift; path = LenderSpotCoordinateViewController.swift; sourceTree = "<group>"; };
		BBC0F3721F15DFC1009C418C /* LenderSpotPhotosViewController.swift */ = {isa = PBXFileReference; lastKnownFileType = sourcecode.swift; path = LenderSpotPhotosViewController.swift; sourceTree = "<group>"; };
		BBC0F3741F15DFCB009C418C /* LenderSpotPricingViewController.swift */ = {isa = PBXFileReference; lastKnownFileType = sourcecode.swift; path = LenderSpotPricingViewController.swift; sourceTree = "<group>"; };
		BBC0F3761F15DFD7009C418C /* LenderSpotDetailsViewController.swift */ = {isa = PBXFileReference; lastKnownFileType = sourcecode.swift; path = LenderSpotDetailsViewController.swift; sourceTree = "<group>"; };
		BBC0F3781F15DFED009C418C /* LenderSpotCompletedViewController.swift */ = {isa = PBXFileReference; lastKnownFileType = sourcecode.swift; path = LenderSpotCompletedViewController.swift; sourceTree = "<group>"; };
		BBC870ED1F1C91ED00D24019 /* Messages.storyboard */ = {isa = PBXFileReference; fileEncoding = 4; lastKnownFileType = file.storyboard; path = Messages.storyboard; sourceTree = "<group>"; };
		BBC870EF1F1C921000D24019 /* Settings.storyboard */ = {isa = PBXFileReference; lastKnownFileType = file.storyboard; path = Settings.storyboard; sourceTree = "<group>"; };
		BBC870F51F1C927300D24019 /* LendSpot.storyboard */ = {isa = PBXFileReference; lastKnownFileType = file.storyboard; path = LendSpot.storyboard; sourceTree = "<group>"; };
		BBC9640A1E7DCF3300E99617 /* GoogleService-Info.plist */ = {isa = PBXFileReference; fileEncoding = 4; lastKnownFileType = text.plist.xml; path = "GoogleService-Info.plist"; sourceTree = "<group>"; };
		BBC9640C1E7DCFCE00E99617 /* LoginViewController.swift */ = {isa = PBXFileReference; fileEncoding = 4; lastKnownFileType = sourcecode.swift; path = LoginViewController.swift; sourceTree = "<group>"; };
		BBC9640E1E7DCFED00E99617 /* SignUpViewController.swift */ = {isa = PBXFileReference; fileEncoding = 4; lastKnownFileType = sourcecode.swift; path = SignUpViewController.swift; sourceTree = "<group>"; };
		BBE2EDC81EE270F100038140 /* DetailViewController.swift */ = {isa = PBXFileReference; fileEncoding = 4; lastKnownFileType = sourcecode.swift; path = DetailViewController.swift; sourceTree = "<group>"; };
		BBED51DF1F12F86D00C761EB /* SpotDetailViewController.swift */ = {isa = PBXFileReference; lastKnownFileType = sourcecode.swift; path = SpotDetailViewController.swift; sourceTree = "<group>"; };
		BBFD9B6E1E713370009DDD20 /* Meter.app */ = {isa = PBXFileReference; explicitFileType = wrapper.application; includeInIndex = 0; path = Meter.app; sourceTree = BUILT_PRODUCTS_DIR; };
		BBFD9B711E713370009DDD20 /* AppDelegate.swift */ = {isa = PBXFileReference; lastKnownFileType = sourcecode.swift; path = AppDelegate.swift; sourceTree = "<group>"; };
		BBFD9B761E713370009DDD20 /* Base */ = {isa = PBXFileReference; lastKnownFileType = file.storyboard; name = Base; path = Base.lproj/Main.storyboard; sourceTree = "<group>"; };
		BBFD9B781E713370009DDD20 /* Assets.xcassets */ = {isa = PBXFileReference; lastKnownFileType = folder.assetcatalog; path = Assets.xcassets; sourceTree = "<group>"; };
		BBFD9B7B1E713370009DDD20 /* Base */ = {isa = PBXFileReference; lastKnownFileType = file.storyboard; name = Base; path = Base.lproj/LaunchScreen.storyboard; sourceTree = "<group>"; };
		BBFD9B7D1E713370009DDD20 /* Info.plist */ = {isa = PBXFileReference; lastKnownFileType = text.plist.xml; path = Info.plist; sourceTree = "<group>"; };
		BBFD9B821E713371009DDD20 /* MeterTests.xctest */ = {isa = PBXFileReference; explicitFileType = wrapper.cfbundle; includeInIndex = 0; path = MeterTests.xctest; sourceTree = BUILT_PRODUCTS_DIR; };
		BBFD9B861E713371009DDD20 /* MeterTests.swift */ = {isa = PBXFileReference; lastKnownFileType = sourcecode.swift; path = MeterTests.swift; sourceTree = "<group>"; };
		BBFD9B881E713371009DDD20 /* Info.plist */ = {isa = PBXFileReference; lastKnownFileType = text.plist.xml; path = Info.plist; sourceTree = "<group>"; };
		BBFD9B8D1E713371009DDD20 /* MeterUITests.xctest */ = {isa = PBXFileReference; explicitFileType = wrapper.cfbundle; includeInIndex = 0; path = MeterUITests.xctest; sourceTree = BUILT_PRODUCTS_DIR; };
		BBFD9B911E713371009DDD20 /* MeterUITests.swift */ = {isa = PBXFileReference; lastKnownFileType = sourcecode.swift; path = MeterUITests.swift; sourceTree = "<group>"; };
		BBFD9B931E713371009DDD20 /* Info.plist */ = {isa = PBXFileReference; lastKnownFileType = text.plist.xml; path = Info.plist; sourceTree = "<group>"; };
		BBFE91AC1ED24DD700F04F05 /* MapKit.framework */ = {isa = PBXFileReference; lastKnownFileType = wrapper.framework; name = MapKit.framework; path = System/Library/Frameworks/MapKit.framework; sourceTree = SDKROOT; };
		BBFE91AE1ED24E4F00F04F05 /* MapViewController.swift */ = {isa = PBXFileReference; fileEncoding = 4; lastKnownFileType = sourcecode.swift; path = MapViewController.swift; sourceTree = "<group>"; };
		BBFE91B01ED24FCB00F04F05 /* MainViewController.swift */ = {isa = PBXFileReference; fileEncoding = 4; lastKnownFileType = sourcecode.swift; path = MainViewController.swift; sourceTree = "<group>"; };
		BBFE91B21ED260DB00F04F05 /* SpotAnnotation.swift */ = {isa = PBXFileReference; fileEncoding = 4; lastKnownFileType = sourcecode.swift; path = SpotAnnotation.swift; sourceTree = "<group>"; };
		C8C0F3AAF39DE486BBA4D6C5 /* Pods-Meter.release.xcconfig */ = {isa = PBXFileReference; includeInIndex = 1; lastKnownFileType = text.xcconfig; name = "Pods-Meter.release.xcconfig"; path = "Pods/Target Support Files/Pods-Meter/Pods-Meter.release.xcconfig"; sourceTree = "<group>"; };
		CBF576B5F5F1664C3979DEBE /* Pods-MeterUITests.debug.xcconfig */ = {isa = PBXFileReference; includeInIndex = 1; lastKnownFileType = text.xcconfig; name = "Pods-MeterUITests.debug.xcconfig"; path = "Pods/Target Support Files/Pods-MeterUITests/Pods-MeterUITests.debug.xcconfig"; sourceTree = "<group>"; };
/* End PBXFileReference section */

/* Begin PBXFrameworksBuildPhase section */
		BBFD9B6B1E713370009DDD20 /* Frameworks */ = {
			isa = PBXFrameworksBuildPhase;
			buildActionMask = 2147483647;
			files = (
				BBFE91AD1ED24DD700F04F05 /* MapKit.framework in Frameworks */,
				833DF25B6F8476292621C743 /* Pods_Meter.framework in Frameworks */,
			);
			runOnlyForDeploymentPostprocessing = 0;
		};
		BBFD9B7F1E713371009DDD20 /* Frameworks */ = {
			isa = PBXFrameworksBuildPhase;
			buildActionMask = 2147483647;
			files = (
				A3BDB869BA3F1DCFDD6CDBDB /* Pods_MeterTests.framework in Frameworks */,
			);
			runOnlyForDeploymentPostprocessing = 0;
		};
		BBFD9B8A1E713371009DDD20 /* Frameworks */ = {
			isa = PBXFrameworksBuildPhase;
			buildActionMask = 2147483647;
			files = (
				54DDB4AC54F23FC1E67B9BE0 /* Pods_MeterUITests.framework in Frameworks */,
			);
			runOnlyForDeploymentPostprocessing = 0;
		};
/* End PBXFrameworksBuildPhase section */

/* Begin PBXGroup section */
		5216A98415B5FB79A9205301 /* Frameworks */ = {
			isa = PBXGroup;
			children = (
				BBFE91AC1ED24DD700F04F05 /* MapKit.framework */,
				75B6130149CC426A45315A3D /* Pods_Meter.framework */,
				32087B325328DC44E45E0D17 /* Pods_MeterTests.framework */,
				0B6F212543D75A4D588CBE08 /* Pods_MeterUITests.framework */,
			);
			name = Frameworks;
			sourceTree = "<group>";
		};
		B3FFE1FAA2784B4995C4ECE3 /* Pods */ = {
			isa = PBXGroup;
			children = (
				3230D60F90063967FFD38B9F /* Pods-Meter.debug.xcconfig */,
				C8C0F3AAF39DE486BBA4D6C5 /* Pods-Meter.release.xcconfig */,
				58E704C1885348BD8AAC8665 /* Pods-MeterTests.debug.xcconfig */,
				7095FFA58E850DE1BAB146E3 /* Pods-MeterTests.release.xcconfig */,
				CBF576B5F5F1664C3979DEBE /* Pods-MeterUITests.debug.xcconfig */,
				0CA0CC2F875E25850593C026 /* Pods-MeterUITests.release.xcconfig */,
			);
			name = Pods;
			sourceTree = "<group>";
		};
		BB2BE2D41F11FF75006393B3 /* SpotPreview */ = {
			isa = PBXGroup;
			children = (
				BB2BE2D51F11FF8C006393B3 /* SpotPreviewView.swift */,
				BB2BE2D21F11FE0F006393B3 /* SpotPreviewView.xib */,
			);
			path = SpotPreview;
			sourceTree = "<group>";
		};
		BB4BBACD1EA45E4600EBD13D /* GeoFire */ = {
			isa = PBXGroup;
			children = (
				BB4BBACE1EA45E4600EBD13D /* API */,
				BB4BBAD31EA45E4600EBD13D /* GeoFire-Prefix.pch */,
				BB4BBAD41EA45E4600EBD13D /* Implementation */,
			);
			path = GeoFire;
			sourceTree = "<group>";
		};
		BB4BBACE1EA45E4600EBD13D /* API */ = {
			isa = PBXGroup;
			children = (
				BB4BBACF1EA45E4600EBD13D /* GeoFire.h */,
				BB4BBAD01EA45E4600EBD13D /* GFCircleQuery.h */,
				BB4BBAD11EA45E4600EBD13D /* GFQuery.h */,
				BB4BBAD21EA45E4600EBD13D /* GFRegionQuery.h */,
			);
			path = API;
			sourceTree = "<group>";
		};
		BB4BBAD41EA45E4600EBD13D /* Implementation */ = {
			isa = PBXGroup;
			children = (
				BB4BBAD51EA45E4600EBD13D /* GeoFire+Private.h */,
				BB4BBAD61EA45E4600EBD13D /* GeoFire.m */,
				BB4BBAD71EA45E4600EBD13D /* GFBase32Utils.h */,
				BB4BBAD81EA45E4600EBD13D /* GFBase32Utils.m */,
				BB4BBAD91EA45E4600EBD13D /* GFGeoHash.h */,
				BB4BBADA1EA45E4600EBD13D /* GFGeoHash.m */,
				BB4BBADB1EA45E4600EBD13D /* GFGeoHashQuery.h */,
				BB4BBADC1EA45E4600EBD13D /* GFGeoHashQuery.m */,
				BB4BBADD1EA45E4600EBD13D /* GFQuery+Private.h */,
				BB4BBADE1EA45E4600EBD13D /* GFQuery.m */,
			);
			path = Implementation;
			sourceTree = "<group>";
		};
		BB4BBAEE1EA4B21C00EBD13D /* Navigation */ = {
			isa = PBXGroup;
			children = (
				BB78A97E1ED029BA004DFC4A /* ContainerViewController.swift */,
				BB78A9801ED029BA004DFC4A /* MainNavigationViewController.swift */,
				BB78A9811ED029BA004DFC4A /* SidePanelViewController.swift */,
				BB78A9821ED029BA004DFC4A /* Navigation.storyboard */,
			);
			name = Navigation;
			sourceTree = "<group>";
		};
		BB648E721F132FC300D2C977 /* Lato Font */ = {
			isa = PBXGroup;
			children = (
				BB648E631F132FBB00D2C977 /* Lato-Black.ttf */,
				BB648E641F132FBB00D2C977 /* Lato-BlackItalic.ttf */,
				BB648E651F132FBB00D2C977 /* Lato-Bold.ttf */,
				BB648E621F132FBB00D2C977 /* Lato-BoldItalic.ttf */,
				BB648E5F1F132FBA00D2C977 /* Lato-Hairline.ttf */,
				BB648E5E1F132FBA00D2C977 /* Lato-HairlineItalic.ttf */,
				BB648E601F132FBA00D2C977 /* Lato-Italic.ttf */,
				BB648E611F132FBB00D2C977 /* Lato-Light.ttf */,
				BB648E661F132FBC00D2C977 /* Lato-LightItalic.ttf */,
				BB648E671F132FBC00D2C977 /* Lato-Regular.ttf */,
			);
			path = "Lato Font";
			sourceTree = "<group>";
		};
		BBC0F37A1F15DFF5009C418C /* Spot Lender Flow */ = {
			isa = PBXGroup;
			children = (
				BBC870F51F1C927300D24019 /* LendSpot.storyboard */,
				BBB0DF051F15E67F002ECA73 /* SpotTypeTableViewCell.swift */,
				BBC0F36A1F15DF86009C418C /* LenderSpotTypeViewController.swift */,
				BBC0F36C1F15DF96009C418C /* LenderSpotRestrictionsViewController.swift */,
				BBC0F36E1F15DFAA009C418C /* LenderSpotAddressViewController.swift */,
				BBC0F3701F15DFB5009C418C /* LenderSpotCoordinateViewController.swift */,
				BBC0F3721F15DFC1009C418C /* LenderSpotPhotosViewController.swift */,
				BBC0F3741F15DFCB009C418C /* LenderSpotPricingViewController.swift */,
				BBC0F3761F15DFD7009C418C /* LenderSpotDetailsViewController.swift */,
				BBC0F3781F15DFED009C418C /* LenderSpotCompletedViewController.swift */,
			);
			path = "Spot Lender Flow";
			sourceTree = "<group>";
		};
		BBC870F11F1C923900D24019 /* Messages */ = {
			isa = PBXGroup;
			children = (
				BBC870ED1F1C91ED00D24019 /* Messages.storyboard */,
			);
			path = Messages;
			sourceTree = "<group>";
		};
		BBC870F21F1C924400D24019 /* Settings */ = {
			isa = PBXGroup;
			children = (
				BBC870EF1F1C921000D24019 /* Settings.storyboard */,
			);
			path = Settings;
			sourceTree = "<group>";
		};
		BBC870F71F1C92E200D24019 /* Main */ = {
			isa = PBXGroup;
			children = (
				BBFD9B751E713370009DDD20 /* Main.storyboard */,
				BBED51DF1F12F86D00C761EB /* SpotDetailViewController.swift */,
				BBE2EDC81EE270F100038140 /* DetailViewController.swift */,
				BBFE91B01ED24FCB00F04F05 /* MainViewController.swift */,
				BBFE91AE1ED24E4F00F04F05 /* MapViewController.swift */,
				BB47DEF51EE277C4002368E4 /* SpotAnnotationView.swift */,
				BB47DEF31EE273BB002368E4 /* Spot.swift */,
				BBFE91B21ED260DB00F04F05 /* SpotAnnotation.swift */,
				BB2BE2D41F11FF75006393B3 /* SpotPreview */,
			);
			path = Main;
			sourceTree = "<group>";
		};
		BBC870F81F1C930400D24019 /* Sign Up */ = {
			isa = PBXGroup;
			children = (
				BB4BBAC01EA40D7C00EBD13D /* SplashViewController.swift */,
				BBC9640E1E7DCFED00E99617 /* SignUpViewController.swift */,
				BBC9640C1E7DCFCE00E99617 /* LoginViewController.swift */,
			);
			path = "Sign Up";
			sourceTree = "<group>";
		};
		BBFD9B651E713370009DDD20 = {
			isa = PBXGroup;
			children = (
				BBFD9B701E713370009DDD20 /* Meter */,
				BBFD9B851E713371009DDD20 /* MeterTests */,
				BBFD9B901E713371009DDD20 /* MeterUITests */,
				BBFD9B6F1E713370009DDD20 /* Products */,
				B3FFE1FAA2784B4995C4ECE3 /* Pods */,
				5216A98415B5FB79A9205301 /* Frameworks */,
			);
			sourceTree = "<group>";
		};
		BBFD9B6F1E713370009DDD20 /* Products */ = {
			isa = PBXGroup;
			children = (
				BBFD9B6E1E713370009DDD20 /* Meter.app */,
				BBFD9B821E713371009DDD20 /* MeterTests.xctest */,
				BBFD9B8D1E713371009DDD20 /* MeterUITests.xctest */,
			);
			name = Products;
			sourceTree = "<group>";
		};
		BBFD9B701E713370009DDD20 /* Meter */ = {
			isa = PBXGroup;
			children = (
				BBFD9B711E713370009DDD20 /* AppDelegate.swift */,
				BBC870F71F1C92E200D24019 /* Main */,
				BBC0F37A1F15DFF5009C418C /* Spot Lender Flow */,
				BBC870F81F1C930400D24019 /* Sign Up */,
				BB4BBAEE1EA4B21C00EBD13D /* Navigation */,
				BBFD9B781E713370009DDD20 /* Assets.xcassets */,
				BBFD9B7A1E713370009DDD20 /* LaunchScreen.storyboard */,
				BBFD9B7D1E713370009DDD20 /* Info.plist */,
				BBC9640A1E7DCF3300E99617 /* GoogleService-Info.plist */,
				BB8E62B81F1375420014DD62 /* HelperFunctions.swift */,
				BB4BBAC21EA4159A00EBD13D /* Constants.swift */,
				BB2BE2CE1F11AE4C006393B3 /* GeocodingHelper.swift */,
				BBC870F11F1C923900D24019 /* Messages */,
				BBC870F21F1C924400D24019 /* Settings */,
				BB648E721F132FC300D2C977 /* Lato Font */,
				BB4BBACD1EA45E4600EBD13D /* GeoFire */,
				BB4BBAC91EA45D6300EBD13D /* Meter-Bridging-Header.h */,
			);
			path = Meter;
			sourceTree = "<group>";
		};
		BBFD9B851E713371009DDD20 /* MeterTests */ = {
			isa = PBXGroup;
			children = (
				BBFD9B861E713371009DDD20 /* MeterTests.swift */,
				BBFD9B881E713371009DDD20 /* Info.plist */,
			);
			path = MeterTests;
			sourceTree = "<group>";
		};
		BBFD9B901E713371009DDD20 /* MeterUITests */ = {
			isa = PBXGroup;
			children = (
				BBFD9B911E713371009DDD20 /* MeterUITests.swift */,
				BBFD9B931E713371009DDD20 /* Info.plist */,
			);
			path = MeterUITests;
			sourceTree = "<group>";
		};
/* End PBXGroup section */

/* Begin PBXNativeTarget section */
		BBFD9B6D1E713370009DDD20 /* Meter */ = {
			isa = PBXNativeTarget;
			buildConfigurationList = BBFD9B961E713371009DDD20 /* Build configuration list for PBXNativeTarget "Meter" */;
			buildPhases = (
				E31243278248844A250FD820 /* [CP] Check Pods Manifest.lock */,
				BBFD9B6A1E713370009DDD20 /* Sources */,
				BBFD9B6B1E713370009DDD20 /* Frameworks */,
				BBFD9B6C1E713370009DDD20 /* Resources */,
				F9F3D6BB1D5A7BDBFFD57FCA /* [CP] Embed Pods Frameworks */,
				5037D7441EB1AF544A034DBF /* [CP] Copy Pods Resources */,
			);
			buildRules = (
			);
			dependencies = (
			);
			name = Meter;
			productName = Meter;
			productReference = BBFD9B6E1E713370009DDD20 /* Meter.app */;
			productType = "com.apple.product-type.application";
		};
		BBFD9B811E713371009DDD20 /* MeterTests */ = {
			isa = PBXNativeTarget;
			buildConfigurationList = BBFD9B991E713371009DDD20 /* Build configuration list for PBXNativeTarget "MeterTests" */;
			buildPhases = (
				C98AD39DB7FFF3CF1FA2F2EE /* [CP] Check Pods Manifest.lock */,
				BBFD9B7E1E713371009DDD20 /* Sources */,
				BBFD9B7F1E713371009DDD20 /* Frameworks */,
				BBFD9B801E713371009DDD20 /* Resources */,
				050C4BBC0C903D7C3864B4B8 /* [CP] Embed Pods Frameworks */,
				01961891AB0A034666524880 /* [CP] Copy Pods Resources */,
			);
			buildRules = (
			);
			dependencies = (
				BBFD9B841E713371009DDD20 /* PBXTargetDependency */,
			);
			name = MeterTests;
			productName = MeterTests;
			productReference = BBFD9B821E713371009DDD20 /* MeterTests.xctest */;
			productType = "com.apple.product-type.bundle.unit-test";
		};
		BBFD9B8C1E713371009DDD20 /* MeterUITests */ = {
			isa = PBXNativeTarget;
			buildConfigurationList = BBFD9B9C1E713371009DDD20 /* Build configuration list for PBXNativeTarget "MeterUITests" */;
			buildPhases = (
				014DEE9689CD878D1F38BDB7 /* [CP] Check Pods Manifest.lock */,
				BBFD9B891E713371009DDD20 /* Sources */,
				BBFD9B8A1E713371009DDD20 /* Frameworks */,
				BBFD9B8B1E713371009DDD20 /* Resources */,
				DFEE36E4D8A972634524A5B9 /* [CP] Embed Pods Frameworks */,
				E5B2D435ED01581A574C0978 /* [CP] Copy Pods Resources */,
			);
			buildRules = (
			);
			dependencies = (
				BBFD9B8F1E713371009DDD20 /* PBXTargetDependency */,
			);
			name = MeterUITests;
			productName = MeterUITests;
			productReference = BBFD9B8D1E713371009DDD20 /* MeterUITests.xctest */;
			productType = "com.apple.product-type.bundle.ui-testing";
		};
/* End PBXNativeTarget section */

/* Begin PBXProject section */
		BBFD9B661E713370009DDD20 /* Project object */ = {
			isa = PBXProject;
			attributes = {
				LastSwiftUpdateCheck = 0820;
				LastUpgradeCheck = 0820;
				ORGANIZATIONNAME = "Avery Lamp";
				TargetAttributes = {
					BBFD9B6D1E713370009DDD20 = {
						CreatedOnToolsVersion = 8.2.1;
						DevelopmentTeam = 9XWYL3K4YT;
						LastSwiftMigration = 0830;
						ProvisioningStyle = Automatic;
						SystemCapabilities = {
							com.apple.Maps.iOS = {
								enabled = 1;
							};
						};
					};
					BBFD9B811E713371009DDD20 = {
						CreatedOnToolsVersion = 8.2.1;
						DevelopmentTeam = R4DQ2L3FBV;
						ProvisioningStyle = Automatic;
						TestTargetID = BBFD9B6D1E713370009DDD20;
					};
					BBFD9B8C1E713371009DDD20 = {
						CreatedOnToolsVersion = 8.2.1;
						DevelopmentTeam = R4DQ2L3FBV;
						ProvisioningStyle = Automatic;
						TestTargetID = BBFD9B6D1E713370009DDD20;
					};
				};
			};
			buildConfigurationList = BBFD9B691E713370009DDD20 /* Build configuration list for PBXProject "Meter" */;
			compatibilityVersion = "Xcode 3.2";
			developmentRegion = English;
			hasScannedForEncodings = 0;
			knownRegions = (
				en,
				Base,
			);
			mainGroup = BBFD9B651E713370009DDD20;
			productRefGroup = BBFD9B6F1E713370009DDD20 /* Products */;
			projectDirPath = "";
			projectRoot = "";
			targets = (
				BBFD9B6D1E713370009DDD20 /* Meter */,
				BBFD9B811E713371009DDD20 /* MeterTests */,
				BBFD9B8C1E713371009DDD20 /* MeterUITests */,
			);
		};
/* End PBXProject section */

/* Begin PBXResourcesBuildPhase section */
		BBFD9B6C1E713370009DDD20 /* Resources */ = {
			isa = PBXResourcesBuildPhase;
			buildActionMask = 2147483647;
			files = (
				BBFD9B7C1E713370009DDD20 /* LaunchScreen.storyboard in Resources */,
				BB648E701F132FBD00D2C977 /* Lato-LightItalic.ttf in Resources */,
				BBC9640B1E7DCF3300E99617 /* GoogleService-Info.plist in Resources */,
				BB78A9871ED029BA004DFC4A /* Navigation.storyboard in Resources */,
				BB2BE2D31F11FE0F006393B3 /* SpotPreviewView.xib in Resources */,
				BB648E6D1F132FBD00D2C977 /* Lato-Black.ttf in Resources */,
				BB648E6E1F132FBD00D2C977 /* Lato-BlackItalic.ttf in Resources */,
				BB648E6C1F132FBD00D2C977 /* Lato-BoldItalic.ttf in Resources */,
				BB648E6F1F132FBD00D2C977 /* Lato-Bold.ttf in Resources */,
				BB648E681F132FBD00D2C977 /* Lato-HairlineItalic.ttf in Resources */,
				BBC870EE1F1C91EE00D24019 /* Messages.storyboard in Resources */,
				BB648E6B1F132FBD00D2C977 /* Lato-Light.ttf in Resources */,
				BB648E711F132FBD00D2C977 /* Lato-Regular.ttf in Resources */,
				BBFD9B791E713370009DDD20 /* Assets.xcassets in Resources */,
				BB648E691F132FBD00D2C977 /* Lato-Hairline.ttf in Resources */,
				BBC870F01F1C921000D24019 /* Settings.storyboard in Resources */,
				BBC870F61F1C927300D24019 /* LendSpot.storyboard in Resources */,
				BB648E6A1F132FBD00D2C977 /* Lato-Italic.ttf in Resources */,
				BBFD9B771E713370009DDD20 /* Main.storyboard in Resources */,
			);
			runOnlyForDeploymentPostprocessing = 0;
		};
		BBFD9B801E713371009DDD20 /* Resources */ = {
			isa = PBXResourcesBuildPhase;
			buildActionMask = 2147483647;
			files = (
			);
			runOnlyForDeploymentPostprocessing = 0;
		};
		BBFD9B8B1E713371009DDD20 /* Resources */ = {
			isa = PBXResourcesBuildPhase;
			buildActionMask = 2147483647;
			files = (
			);
			runOnlyForDeploymentPostprocessing = 0;
		};
/* End PBXResourcesBuildPhase section */

/* Begin PBXShellScriptBuildPhase section */
		014DEE9689CD878D1F38BDB7 /* [CP] Check Pods Manifest.lock */ = {
			isa = PBXShellScriptBuildPhase;
			buildActionMask = 2147483647;
			files = (
			);
			inputPaths = (
			);
			name = "[CP] Check Pods Manifest.lock";
			outputPaths = (
			);
			runOnlyForDeploymentPostprocessing = 0;
			shellPath = /bin/sh;
			shellScript = "diff \"${PODS_ROOT}/../Podfile.lock\" \"${PODS_ROOT}/Manifest.lock\" > /dev/null\nif [ $? != 0 ] ; then\n    # print error to STDERR\n    echo \"error: The sandbox is not in sync with the Podfile.lock. Run 'pod install' or update your CocoaPods installation.\" >&2\n    exit 1\nfi\n";
			showEnvVarsInLog = 0;
		};
		01961891AB0A034666524880 /* [CP] Copy Pods Resources */ = {
			isa = PBXShellScriptBuildPhase;
			buildActionMask = 2147483647;
			files = (
			);
			inputPaths = (
			);
			name = "[CP] Copy Pods Resources";
			outputPaths = (
			);
			runOnlyForDeploymentPostprocessing = 0;
			shellPath = /bin/sh;
			shellScript = "\"${SRCROOT}/Pods/Target Support Files/Pods-MeterTests/Pods-MeterTests-resources.sh\"\n";
			showEnvVarsInLog = 0;
		};
		050C4BBC0C903D7C3864B4B8 /* [CP] Embed Pods Frameworks */ = {
			isa = PBXShellScriptBuildPhase;
			buildActionMask = 2147483647;
			files = (
			);
			inputPaths = (
			);
			name = "[CP] Embed Pods Frameworks";
			outputPaths = (
			);
			runOnlyForDeploymentPostprocessing = 0;
			shellPath = /bin/sh;
			shellScript = "\"${SRCROOT}/Pods/Target Support Files/Pods-MeterTests/Pods-MeterTests-frameworks.sh\"\n";
			showEnvVarsInLog = 0;
		};
		5037D7441EB1AF544A034DBF /* [CP] Copy Pods Resources */ = {
			isa = PBXShellScriptBuildPhase;
			buildActionMask = 2147483647;
			files = (
			);
			inputPaths = (
			);
			name = "[CP] Copy Pods Resources";
			outputPaths = (
			);
			runOnlyForDeploymentPostprocessing = 0;
			shellPath = /bin/sh;
			shellScript = "\"${SRCROOT}/Pods/Target Support Files/Pods-Meter/Pods-Meter-resources.sh\"\n";
			showEnvVarsInLog = 0;
		};
		C98AD39DB7FFF3CF1FA2F2EE /* [CP] Check Pods Manifest.lock */ = {
			isa = PBXShellScriptBuildPhase;
			buildActionMask = 2147483647;
			files = (
			);
			inputPaths = (
			);
			name = "[CP] Check Pods Manifest.lock";
			outputPaths = (
			);
			runOnlyForDeploymentPostprocessing = 0;
			shellPath = /bin/sh;
			shellScript = "diff \"${PODS_ROOT}/../Podfile.lock\" \"${PODS_ROOT}/Manifest.lock\" > /dev/null\nif [ $? != 0 ] ; then\n    # print error to STDERR\n    echo \"error: The sandbox is not in sync with the Podfile.lock. Run 'pod install' or update your CocoaPods installation.\" >&2\n    exit 1\nfi\n";
			showEnvVarsInLog = 0;
		};
		DFEE36E4D8A972634524A5B9 /* [CP] Embed Pods Frameworks */ = {
			isa = PBXShellScriptBuildPhase;
			buildActionMask = 2147483647;
			files = (
			);
			inputPaths = (
			);
			name = "[CP] Embed Pods Frameworks";
			outputPaths = (
			);
			runOnlyForDeploymentPostprocessing = 0;
			shellPath = /bin/sh;
			shellScript = "\"${SRCROOT}/Pods/Target Support Files/Pods-MeterUITests/Pods-MeterUITests-frameworks.sh\"\n";
			showEnvVarsInLog = 0;
		};
		E31243278248844A250FD820 /* [CP] Check Pods Manifest.lock */ = {
			isa = PBXShellScriptBuildPhase;
			buildActionMask = 2147483647;
			files = (
			);
			inputPaths = (
			);
			name = "[CP] Check Pods Manifest.lock";
			outputPaths = (
			);
			runOnlyForDeploymentPostprocessing = 0;
			shellPath = /bin/sh;
			shellScript = "diff \"${PODS_ROOT}/../Podfile.lock\" \"${PODS_ROOT}/Manifest.lock\" > /dev/null\nif [ $? != 0 ] ; then\n    # print error to STDERR\n    echo \"error: The sandbox is not in sync with the Podfile.lock. Run 'pod install' or update your CocoaPods installation.\" >&2\n    exit 1\nfi\n";
			showEnvVarsInLog = 0;
		};
		E5B2D435ED01581A574C0978 /* [CP] Copy Pods Resources */ = {
			isa = PBXShellScriptBuildPhase;
			buildActionMask = 2147483647;
			files = (
			);
			inputPaths = (
			);
			name = "[CP] Copy Pods Resources";
			outputPaths = (
			);
			runOnlyForDeploymentPostprocessing = 0;
			shellPath = /bin/sh;
			shellScript = "\"${SRCROOT}/Pods/Target Support Files/Pods-MeterUITests/Pods-MeterUITests-resources.sh\"\n";
			showEnvVarsInLog = 0;
		};
		F9F3D6BB1D5A7BDBFFD57FCA /* [CP] Embed Pods Frameworks */ = {
			isa = PBXShellScriptBuildPhase;
			buildActionMask = 2147483647;
			files = (
			);
			inputPaths = (
			);
			name = "[CP] Embed Pods Frameworks";
			outputPaths = (
			);
			runOnlyForDeploymentPostprocessing = 0;
			shellPath = /bin/sh;
			shellScript = "\"${SRCROOT}/Pods/Target Support Files/Pods-Meter/Pods-Meter-frameworks.sh\"\n";
			showEnvVarsInLog = 0;
		};
/* End PBXShellScriptBuildPhase section */

/* Begin PBXSourcesBuildPhase section */
		BBFD9B6A1E713370009DDD20 /* Sources */ = {
			isa = PBXSourcesBuildPhase;
			buildActionMask = 2147483647;
			files = (
				BB4BBAE01EA45E4600EBD13D /* GFBase32Utils.m in Sources */,
				BB4BBAE11EA45E4600EBD13D /* GFGeoHash.m in Sources */,
				BBFE91B31ED260DB00F04F05 /* SpotAnnotation.swift in Sources */,
				BBC9640D1E7DCFCE00E99617 /* LoginViewController.swift in Sources */,
				BBC0F3711F15DFB5009C418C /* LenderSpotCoordinateViewController.swift in Sources */,
				BB2BE2D61F11FF8C006393B3 /* SpotPreviewView.swift in Sources */,
				BB4BBAE21EA45E4600EBD13D /* GFGeoHashQuery.m in Sources */,
				BBC0F3771F15DFD7009C418C /* LenderSpotDetailsViewController.swift in Sources */,
				BBC9640F1E7DCFED00E99617 /* SignUpViewController.swift in Sources */,
				BBC0F3751F15DFCB009C418C /* LenderSpotPricingViewController.swift in Sources */,
				BBC0F36F1F15DFAA009C418C /* LenderSpotAddressViewController.swift in Sources */,
				BB8E62B91F1375420014DD62 /* HelperFunctions.swift in Sources */,
				BBFE91B11ED24FCB00F04F05 /* MainViewController.swift in Sources */,
				BB47DEF41EE273BB002368E4 /* Spot.swift in Sources */,
				BB78A9851ED029BA004DFC4A /* MainNavigationViewController.swift in Sources */,
				BBB0DF061F15E67F002ECA73 /* SpotTypeTableViewCell.swift in Sources */,
				BBC0F36D1F15DF96009C418C /* LenderSpotRestrictionsViewController.swift in Sources */,
				BBE2EDC91EE270F100038140 /* DetailViewController.swift in Sources */,
				BB4BBADF1EA45E4600EBD13D /* GeoFire.m in Sources */,
				BBFD9B721E713370009DDD20 /* AppDelegate.swift in Sources */,
				BBC0F36B1F15DF86009C418C /* LenderSpotTypeViewController.swift in Sources */,
				BB47DEF61EE277C4002368E4 /* SpotAnnotationView.swift in Sources */,
				BB4BBAC11EA40D7C00EBD13D /* SplashViewController.swift in Sources */,
				BBED51E01F12F86D00C761EB /* SpotDetailViewController.swift in Sources */,
				BB4BBAC31EA4159A00EBD13D /* Constants.swift in Sources */,
				BB78A9861ED029BA004DFC4A /* SidePanelViewController.swift in Sources */,
				BB78A9831ED029BA004DFC4A /* ContainerViewController.swift in Sources */,
				BBC0F3791F15DFED009C418C /* LenderSpotCompletedViewController.swift in Sources */,
				BB4BBAE31EA45E4600EBD13D /* GFQuery.m in Sources */,
				BBFE91AF1ED24E4F00F04F05 /* MapViewController.swift in Sources */,
				BB2BE2CF1F11AE4C006393B3 /* GeocodingHelper.swift in Sources */,
				BBC0F3731F15DFC2009C418C /* LenderSpotPhotosViewController.swift in Sources */,
			);
			runOnlyForDeploymentPostprocessing = 0;
		};
		BBFD9B7E1E713371009DDD20 /* Sources */ = {
			isa = PBXSourcesBuildPhase;
			buildActionMask = 2147483647;
			files = (
				BBFD9B871E713371009DDD20 /* MeterTests.swift in Sources */,
			);
			runOnlyForDeploymentPostprocessing = 0;
		};
		BBFD9B891E713371009DDD20 /* Sources */ = {
			isa = PBXSourcesBuildPhase;
			buildActionMask = 2147483647;
			files = (
				BBFD9B921E713371009DDD20 /* MeterUITests.swift in Sources */,
			);
			runOnlyForDeploymentPostprocessing = 0;
		};
/* End PBXSourcesBuildPhase section */

/* Begin PBXTargetDependency section */
		BBFD9B841E713371009DDD20 /* PBXTargetDependency */ = {
			isa = PBXTargetDependency;
			target = BBFD9B6D1E713370009DDD20 /* Meter */;
			targetProxy = BBFD9B831E713371009DDD20 /* PBXContainerItemProxy */;
		};
		BBFD9B8F1E713371009DDD20 /* PBXTargetDependency */ = {
			isa = PBXTargetDependency;
			target = BBFD9B6D1E713370009DDD20 /* Meter */;
			targetProxy = BBFD9B8E1E713371009DDD20 /* PBXContainerItemProxy */;
		};
/* End PBXTargetDependency section */

/* Begin PBXVariantGroup section */
		BBFD9B751E713370009DDD20 /* Main.storyboard */ = {
			isa = PBXVariantGroup;
			children = (
				BBFD9B761E713370009DDD20 /* Base */,
			);
			name = Main.storyboard;
			path = ..;
			sourceTree = "<group>";
		};
		BBFD9B7A1E713370009DDD20 /* LaunchScreen.storyboard */ = {
			isa = PBXVariantGroup;
			children = (
				BBFD9B7B1E713370009DDD20 /* Base */,
			);
			name = LaunchScreen.storyboard;
			sourceTree = "<group>";
		};
/* End PBXVariantGroup section */

/* Begin XCBuildConfiguration section */
		BBFD9B941E713371009DDD20 /* Debug */ = {
			isa = XCBuildConfiguration;
			buildSettings = {
				ALWAYS_SEARCH_USER_PATHS = NO;
				CLANG_ANALYZER_NONNULL = YES;
				CLANG_CXX_LANGUAGE_STANDARD = "gnu++0x";
				CLANG_CXX_LIBRARY = "libc++";
				CLANG_ENABLE_MODULES = YES;
				CLANG_ENABLE_OBJC_ARC = YES;
				CLANG_WARN_BOOL_CONVERSION = YES;
				CLANG_WARN_CONSTANT_CONVERSION = YES;
				CLANG_WARN_DIRECT_OBJC_ISA_USAGE = YES_ERROR;
				CLANG_WARN_DOCUMENTATION_COMMENTS = YES;
				CLANG_WARN_EMPTY_BODY = YES;
				CLANG_WARN_ENUM_CONVERSION = YES;
				CLANG_WARN_INFINITE_RECURSION = YES;
				CLANG_WARN_INT_CONVERSION = YES;
				CLANG_WARN_OBJC_ROOT_CLASS = YES_ERROR;
				CLANG_WARN_SUSPICIOUS_MOVE = YES;
				CLANG_WARN_UNREACHABLE_CODE = YES;
				CLANG_WARN__DUPLICATE_METHOD_MATCH = YES;
				"CODE_SIGN_IDENTITY[sdk=iphoneos*]" = "iPhone Developer";
				COPY_PHASE_STRIP = NO;
				DEBUG_INFORMATION_FORMAT = dwarf;
				ENABLE_STRICT_OBJC_MSGSEND = YES;
				ENABLE_TESTABILITY = YES;
				GCC_C_LANGUAGE_STANDARD = gnu99;
				GCC_DYNAMIC_NO_PIC = NO;
				GCC_NO_COMMON_BLOCKS = YES;
				GCC_OPTIMIZATION_LEVEL = 0;
				GCC_PREPROCESSOR_DEFINITIONS = (
					"DEBUG=1",
					"$(inherited)",
				);
				GCC_WARN_64_TO_32_BIT_CONVERSION = YES;
				GCC_WARN_ABOUT_RETURN_TYPE = YES_ERROR;
				GCC_WARN_UNDECLARED_SELECTOR = YES;
				GCC_WARN_UNINITIALIZED_AUTOS = YES_AGGRESSIVE;
				GCC_WARN_UNUSED_FUNCTION = YES;
				GCC_WARN_UNUSED_VARIABLE = YES;
				IPHONEOS_DEPLOYMENT_TARGET = 10.2;
				MTL_ENABLE_DEBUG_INFO = YES;
				ONLY_ACTIVE_ARCH = YES;
				SDKROOT = iphoneos;
				SWIFT_ACTIVE_COMPILATION_CONDITIONS = DEBUG;
				SWIFT_OPTIMIZATION_LEVEL = "-Onone";
			};
			name = Debug;
		};
		BBFD9B951E713371009DDD20 /* Release */ = {
			isa = XCBuildConfiguration;
			buildSettings = {
				ALWAYS_SEARCH_USER_PATHS = NO;
				CLANG_ANALYZER_NONNULL = YES;
				CLANG_CXX_LANGUAGE_STANDARD = "gnu++0x";
				CLANG_CXX_LIBRARY = "libc++";
				CLANG_ENABLE_MODULES = YES;
				CLANG_ENABLE_OBJC_ARC = YES;
				CLANG_WARN_BOOL_CONVERSION = YES;
				CLANG_WARN_CONSTANT_CONVERSION = YES;
				CLANG_WARN_DIRECT_OBJC_ISA_USAGE = YES_ERROR;
				CLANG_WARN_DOCUMENTATION_COMMENTS = YES;
				CLANG_WARN_EMPTY_BODY = YES;
				CLANG_WARN_ENUM_CONVERSION = YES;
				CLANG_WARN_INFINITE_RECURSION = YES;
				CLANG_WARN_INT_CONVERSION = YES;
				CLANG_WARN_OBJC_ROOT_CLASS = YES_ERROR;
				CLANG_WARN_SUSPICIOUS_MOVE = YES;
				CLANG_WARN_UNREACHABLE_CODE = YES;
				CLANG_WARN__DUPLICATE_METHOD_MATCH = YES;
				"CODE_SIGN_IDENTITY[sdk=iphoneos*]" = "iPhone Developer";
				COPY_PHASE_STRIP = NO;
				DEBUG_INFORMATION_FORMAT = "dwarf-with-dsym";
				ENABLE_NS_ASSERTIONS = NO;
				ENABLE_STRICT_OBJC_MSGSEND = YES;
				GCC_C_LANGUAGE_STANDARD = gnu99;
				GCC_NO_COMMON_BLOCKS = YES;
				GCC_WARN_64_TO_32_BIT_CONVERSION = YES;
				GCC_WARN_ABOUT_RETURN_TYPE = YES_ERROR;
				GCC_WARN_UNDECLARED_SELECTOR = YES;
				GCC_WARN_UNINITIALIZED_AUTOS = YES_AGGRESSIVE;
				GCC_WARN_UNUSED_FUNCTION = YES;
				GCC_WARN_UNUSED_VARIABLE = YES;
				IPHONEOS_DEPLOYMENT_TARGET = 10.2;
				MTL_ENABLE_DEBUG_INFO = NO;
				SDKROOT = iphoneos;
				SWIFT_OPTIMIZATION_LEVEL = "-Owholemodule";
				VALIDATE_PRODUCT = YES;
			};
			name = Release;
		};
		BBFD9B971E713371009DDD20 /* Debug */ = {
			isa = XCBuildConfiguration;
			baseConfigurationReference = 3230D60F90063967FFD38B9F /* Pods-Meter.debug.xcconfig */;
			buildSettings = {
				ASSETCATALOG_COMPILER_APPICON_NAME = AppIcon;
				CLANG_ENABLE_MODULES = YES;
				DEVELOPMENT_TEAM = 9XWYL3K4YT;
				INFOPLIST_FILE = Meter/Info.plist;
				LD_RUNPATH_SEARCH_PATHS = "$(inherited) @executable_path/Frameworks";
				PRODUCT_BUNDLE_IDENTIFIER = com.Isometric.Meter;
				PRODUCT_NAME = "$(TARGET_NAME)";
				SWIFT_OBJC_BRIDGING_HEADER = "Meter/Meter-Bridging-Header.h";
				SWIFT_OPTIMIZATION_LEVEL = "-Onone";
				SWIFT_VERSION = 3.0;
				TARGETED_DEVICE_FAMILY = "1,2";
			};
			name = Debug;
		};
		BBFD9B981E713371009DDD20 /* Release */ = {
			isa = XCBuildConfiguration;
			baseConfigurationReference = C8C0F3AAF39DE486BBA4D6C5 /* Pods-Meter.release.xcconfig */;
			buildSettings = {
				ASSETCATALOG_COMPILER_APPICON_NAME = AppIcon;
				CLANG_ENABLE_MODULES = YES;
				DEVELOPMENT_TEAM = 9XWYL3K4YT;
				INFOPLIST_FILE = Meter/Info.plist;
				LD_RUNPATH_SEARCH_PATHS = "$(inherited) @executable_path/Frameworks";
				PRODUCT_BUNDLE_IDENTIFIER = com.Isometric.Meter;
				PRODUCT_NAME = "$(TARGET_NAME)";
				SWIFT_OBJC_BRIDGING_HEADER = "Meter/Meter-Bridging-Header.h";
				SWIFT_VERSION = 3.0;
				TARGETED_DEVICE_FAMILY = "1,2";
			};
			name = Release;
		};
		BBFD9B9A1E713371009DDD20 /* Debug */ = {
			isa = XCBuildConfiguration;
			baseConfigurationReference = 58E704C1885348BD8AAC8665 /* Pods-MeterTests.debug.xcconfig */;
			buildSettings = {
				ALWAYS_EMBED_SWIFT_STANDARD_LIBRARIES = YES;
				BUNDLE_LOADER = "$(TEST_HOST)";
				DEVELOPMENT_TEAM = R4DQ2L3FBV;
				INFOPLIST_FILE = MeterTests/Info.plist;
				LD_RUNPATH_SEARCH_PATHS = "$(inherited) @executable_path/Frameworks @loader_path/Frameworks";
				PRODUCT_BUNDLE_IDENTIFIER = Isometric.MeterTests;
				PRODUCT_NAME = "$(TARGET_NAME)";
				SWIFT_VERSION = 3.0;
				TEST_HOST = "$(BUILT_PRODUCTS_DIR)/Meter.app/Meter";
			};
			name = Debug;
		};
		BBFD9B9B1E713371009DDD20 /* Release */ = {
			isa = XCBuildConfiguration;
			baseConfigurationReference = 7095FFA58E850DE1BAB146E3 /* Pods-MeterTests.release.xcconfig */;
			buildSettings = {
				ALWAYS_EMBED_SWIFT_STANDARD_LIBRARIES = YES;
				BUNDLE_LOADER = "$(TEST_HOST)";
				DEVELOPMENT_TEAM = R4DQ2L3FBV;
				INFOPLIST_FILE = MeterTests/Info.plist;
				LD_RUNPATH_SEARCH_PATHS = "$(inherited) @executable_path/Frameworks @loader_path/Frameworks";
				PRODUCT_BUNDLE_IDENTIFIER = Isometric.MeterTests;
				PRODUCT_NAME = "$(TARGET_NAME)";
				SWIFT_VERSION = 3.0;
				TEST_HOST = "$(BUILT_PRODUCTS_DIR)/Meter.app/Meter";
			};
			name = Release;
		};
		BBFD9B9D1E713371009DDD20 /* Debug */ = {
			isa = XCBuildConfiguration;
			baseConfigurationReference = CBF576B5F5F1664C3979DEBE /* Pods-MeterUITests.debug.xcconfig */;
			buildSettings = {
				ALWAYS_EMBED_SWIFT_STANDARD_LIBRARIES = YES;
				DEVELOPMENT_TEAM = R4DQ2L3FBV;
				INFOPLIST_FILE = MeterUITests/Info.plist;
				LD_RUNPATH_SEARCH_PATHS = "$(inherited) @executable_path/Frameworks @loader_path/Frameworks";
				PRODUCT_BUNDLE_IDENTIFIER = Isometric.MeterUITests;
				PRODUCT_NAME = "$(TARGET_NAME)";
				SWIFT_VERSION = 3.0;
				TEST_TARGET_NAME = Meter;
			};
			name = Debug;
		};
		BBFD9B9E1E713371009DDD20 /* Release */ = {
			isa = XCBuildConfiguration;
			baseConfigurationReference = 0CA0CC2F875E25850593C026 /* Pods-MeterUITests.release.xcconfig */;
			buildSettings = {
				ALWAYS_EMBED_SWIFT_STANDARD_LIBRARIES = YES;
				DEVELOPMENT_TEAM = R4DQ2L3FBV;
				INFOPLIST_FILE = MeterUITests/Info.plist;
				LD_RUNPATH_SEARCH_PATHS = "$(inherited) @executable_path/Frameworks @loader_path/Frameworks";
				PRODUCT_BUNDLE_IDENTIFIER = Isometric.MeterUITests;
				PRODUCT_NAME = "$(TARGET_NAME)";
				SWIFT_VERSION = 3.0;
				TEST_TARGET_NAME = Meter;
			};
			name = Release;
		};
/* End XCBuildConfiguration section */

/* Begin XCConfigurationList section */
		BBFD9B691E713370009DDD20 /* Build configuration list for PBXProject "Meter" */ = {
			isa = XCConfigurationList;
			buildConfigurations = (
				BBFD9B941E713371009DDD20 /* Debug */,
				BBFD9B951E713371009DDD20 /* Release */,
			);
			defaultConfigurationIsVisible = 0;
			defaultConfigurationName = Release;
		};
		BBFD9B961E713371009DDD20 /* Build configuration list for PBXNativeTarget "Meter" */ = {
			isa = XCConfigurationList;
			buildConfigurations = (
				BBFD9B971E713371009DDD20 /* Debug */,
				BBFD9B981E713371009DDD20 /* Release */,
			);
			defaultConfigurationIsVisible = 0;
			defaultConfigurationName = Release;
		};
		BBFD9B991E713371009DDD20 /* Build configuration list for PBXNativeTarget "MeterTests" */ = {
			isa = XCConfigurationList;
			buildConfigurations = (
				BBFD9B9A1E713371009DDD20 /* Debug */,
				BBFD9B9B1E713371009DDD20 /* Release */,
			);
			defaultConfigurationIsVisible = 0;
			defaultConfigurationName = Release;
		};
		BBFD9B9C1E713371009DDD20 /* Build configuration list for PBXNativeTarget "MeterUITests" */ = {
			isa = XCConfigurationList;
			buildConfigurations = (
				BBFD9B9D1E713371009DDD20 /* Debug */,
				BBFD9B9E1E713371009DDD20 /* Release */,
			);
			defaultConfigurationIsVisible = 0;
			defaultConfigurationName = Release;
		};
/* End XCConfigurationList section */
	};
	rootObject = BBFD9B661E713370009DDD20 /* Project object */;
}
